
Microsoft Visual Studio Solution File, Format Version 12.00
# Visual Studio 2013
VisualStudioVersion = 12.0.31101.0
MinimumVisualStudioVersion = 10.0.40219.1
Project("{FAE04EC0-301F-11D3-BF4B-00C04F79EFBC}") = "SportsStore.Domain", "SportsStore.Domain\SportsStore.Domain.csproj", "{5DE3C8B4-BF1F-4C86-B2B7-88051F03A75A}"
EndProject
Project("{FAE04EC0-301F-11D3-BF4B-00C04F79EFBC}") = "SportsStore.WebUI", "SportsStore.WebUI\SportsStore.WebUI.csproj", "{5B73193A-92E8-45A1-9044-B6FD5F06BB39}"
EndProject
Project("{FAE04EC0-301F-11D3-BF4B-00C04F79EFBC}") = "SportsStore.UnitTests", "SportsStore.UnitTests\SportsStore.UnitTests.csproj", "{03A1AAA9-EE52-4323-BFA2-EE9AD1187CDB}"
EndProject
Global
	GlobalSection(SolutionConfigurationPlatforms) = preSolution
		Debug|Any CPU = Debug|Any CPU
		Release|Any CPU = Release|Any CPU
	EndGlobalSection
	GlobalSection(ProjectConfigurationPlatforms) = postSolution
		{5DE3C8B4-BF1F-4C86-B2B7-88051F03A75A}.Debug|Any CPU.ActiveCfg = Debug|Any CPU
		{5DE3C8B4-BF1F-4C86-B2B7-88051F03A75A}.Debug|Any CPU.Build.0 = Debug|Any CPU
		{5DE3C8B4-BF1F-4C86-B2B7-88051F03A75A}.Release|Any CPU.ActiveCfg = Release|Any CPU
		{5DE3C8B4-BF1F-4C86-B2B7-88051F03A75A}.Release|Any CPU.Build.0 = Release|Any CPU
		{5B73193A-92E8-45A1-9044-B6FD5F06BB39}.Debug|Any CPU.ActiveCfg = Debug|Any CPU
		{5B73193A-92E8-45A1-9044-B6FD5F06BB39}.Debug|Any CPU.Build.0 = Debug|Any CPU
		{5B73193A-92E8-45A1-9044-B6FD5F06BB39}.Release|Any CPU.ActiveCfg = Release|Any CPU
		{5B73193A-92E8-45A1-9044-B6FD5F06BB39}.Release|Any CPU.Build.0 = Release|Any CPU
		{03A1AAA9-EE52-4323-BFA2-EE9AD1187CDB}.Debug|Any CPU.ActiveCfg = Debug|Any CPU
		{03A1AAA9-EE52-4323-BFA2-EE9AD1187CDB}.Debug|Any CPU.Build.0 = Debug|Any CPU
		{03A1AAA9-EE52-4323-BFA2-EE9AD1187CDB}.Release|Any CPU.ActiveCfg = Release|Any CPU
		{03A1AAA9-EE52-4323-BFA2-EE9AD1187CDB}.Release|Any CPU.Build.0 = Release|Any CPU
	EndGlobalSection
	GlobalSection(SolutionProperties) = preSolution
		HideSolutionNode = FALSE
	EndGlobalSection
EndGlobal
